
Microsoft Visual Studio Solution File, Format Version 12.00
# Visual Studio Version 17
VisualStudioVersion = 17.3.32929.385
MinimumVisualStudioVersion = 10.0.40219.1
Project("{FAE04EC0-301F-11D3-BF4B-00C04F79EFBC}") = "Loan_Management_System", "Loan_Management_System\Loan_Management_System.csproj", "{C6B6A455-6981-4A7F-94AD-03284806A003}"
EndProject
Global
	GlobalSection(SolutionConfigurationPlatforms) = preSolution
		Debug|Any CPU = Debug|Any CPU
		Release|Any CPU = Release|Any CPU
	EndGlobalSection
	GlobalSection(ProjectConfigurationPlatforms) = postSolution
		{C6B6A455-6981-4A7F-94AD-03284806A003}.Debug|Any CPU.ActiveCfg = Debug|Any CPU
		{C6B6A455-6981-4A7F-94AD-03284806A003}.Debug|Any CPU.Build.0 = Debug|Any CPU
		{C6B6A455-6981-4A7F-94AD-03284806A003}.Release|Any CPU.ActiveCfg = Release|Any CPU
		{C6B6A455-6981-4A7F-94AD-03284806A003}.Release|Any CPU.Build.0 = Release|Any CPU
	EndGlobalSection
	GlobalSection(SolutionProperties) = preSolution
		HideSolutionNode = FALSE
	EndGlobalSection
	GlobalSection(ExtensibilityGlobals) = postSolution
		SolutionGuid = {C563263D-582A-49D5-A55D-F64249DCCDD7}
	EndGlobalSection
EndGlobal
